
Microsoft Visual Studio Solution File, Format Version 12.00
# Visual Studio Version 16
VisualStudioVersion = 16.0.30002.166
MinimumVisualStudioVersion = 10.0.40219.1
Project("{FAE04EC0-301F-11D3-BF4B-00C04F79EFBC}") = "Internship Assignment", "Internship Assignment\Internship Assignment.csproj", "{6475B923-7A9D-4FA5-AF83-EED2AC27B4EF}"
EndProject
Global
	GlobalSection(SolutionConfigurationPlatforms) = preSolution
		Debug|Any CPU = Debug|Any CPU
		Release|Any CPU = Release|Any CPU
	EndGlobalSection
	GlobalSection(ProjectConfigurationPlatforms) = postSolution
		{6475B923-7A9D-4FA5-AF83-EED2AC27B4EF}.Debug|Any CPU.ActiveCfg = Debug|Any CPU
		{6475B923-7A9D-4FA5-AF83-EED2AC27B4EF}.Debug|Any CPU.Build.0 = Debug|Any CPU
		{6475B923-7A9D-4FA5-AF83-EED2AC27B4EF}.Release|Any CPU.ActiveCfg = Release|Any CPU
		{6475B923-7A9D-4FA5-AF83-EED2AC27B4EF}.Release|Any CPU.Build.0 = Release|Any CPU
	EndGlobalSection
	GlobalSection(SolutionProperties) = preSolution
		HideSolutionNode = FALSE
	EndGlobalSection
	GlobalSection(ExtensibilityGlobals) = postSolution
		SolutionGuid = {BB0DA434-8B26-49DA-85F3-EEC194B07614}
	EndGlobalSection
EndGlobal
